
Microsoft Visual Studio Solution File, Format Version 12.00
# Visual Studio Version 17
VisualStudioVersion = 17.8.34330.188
MinimumVisualStudioVersion = 10.0.40219.1
Project("{9A19103F-16F7-4668-BE54-9A1E7A4F7556}") = "Application", "src\Application\Application.csproj", "{4A0C5B9D-74E7-4015-ACA6-FC9237E60D43}"
EndProject
Project("{9A19103F-16F7-4668-BE54-9A1E7A4F7556}") = "Domain", "src\Domain\Domain.csproj", "{089C4371-6D1F-4EE8-9F9E-51AF90A87DD0}"
EndProject
Project("{9A19103F-16F7-4668-BE54-9A1E7A4F7556}") = "Infrastructure", "src\Infrastructure\Infrastructure.csproj", "{57C66D6A-1179-47AB-938F-2E607AD569DA}"
EndProject
Project("{9A19103F-16F7-4668-BE54-9A1E7A4F7556}") = "Outbox", "src\Outbox\Outbox.csproj", "{E087F0E7-EBD4-4966-86CA-8252937BC90C}"
EndProject
Project("{9A19103F-16F7-4668-BE54-9A1E7A4F7556}") = "UnitTest", "UnitTest\UnitTest.csproj", "{00CAD051-7ED9-4CF9-BA77-CCB2F3379EB4}"
	ProjectSection(ProjectDependencies) = postProject
		{089C4371-6D1F-4EE8-9F9E-51AF90A87DD0} = {089C4371-6D1F-4EE8-9F9E-51AF90A87DD0}
	EndProjectSection
EndProject
Global
	GlobalSection(SolutionConfigurationPlatforms) = preSolution
		Debug|Any CPU = Debug|Any CPU
		Release|Any CPU = Release|Any CPU
	EndGlobalSection
	GlobalSection(ProjectConfigurationPlatforms) = postSolution
		{4A0C5B9D-74E7-4015-ACA6-FC9237E60D43}.Debug|Any CPU.ActiveCfg = Debug|Any CPU
		{4A0C5B9D-74E7-4015-ACA6-FC9237E60D43}.Debug|Any CPU.Build.0 = Debug|Any CPU
		{4A0C5B9D-74E7-4015-ACA6-FC9237E60D43}.Release|Any CPU.ActiveCfg = Release|Any CPU
		{4A0C5B9D-74E7-4015-ACA6-FC9237E60D43}.Release|Any CPU.Build.0 = Release|Any CPU
		{089C4371-6D1F-4EE8-9F9E-51AF90A87DD0}.Debug|Any CPU.ActiveCfg = Debug|Any CPU
		{089C4371-6D1F-4EE8-9F9E-51AF90A87DD0}.Debug|Any CPU.Build.0 = Debug|Any CPU
		{089C4371-6D1F-4EE8-9F9E-51AF90A87DD0}.Release|Any CPU.ActiveCfg = Release|Any CPU
		{089C4371-6D1F-4EE8-9F9E-51AF90A87DD0}.Release|Any CPU.Build.0 = Release|Any CPU
		{57C66D6A-1179-47AB-938F-2E607AD569DA}.Debug|Any CPU.ActiveCfg = Debug|Any CPU
		{57C66D6A-1179-47AB-938F-2E607AD569DA}.Debug|Any CPU.Build.0 = Debug|Any CPU
		{57C66D6A-1179-47AB-938F-2E607AD569DA}.Release|Any CPU.ActiveCfg = Release|Any CPU
		{57C66D6A-1179-47AB-938F-2E607AD569DA}.Release|Any CPU.Build.0 = Release|Any CPU
		{E087F0E7-EBD4-4966-86CA-8252937BC90C}.Debug|Any CPU.ActiveCfg = Debug|Any CPU
		{E087F0E7-EBD4-4966-86CA-8252937BC90C}.Debug|Any CPU.Build.0 = Debug|Any CPU
		{E087F0E7-EBD4-4966-86CA-8252937BC90C}.Release|Any CPU.ActiveCfg = Release|Any CPU
		{E087F0E7-EBD4-4966-86CA-8252937BC90C}.Release|Any CPU.Build.0 = Release|Any CPU
		{00CAD051-7ED9-4CF9-BA77-CCB2F3379EB4}.Debug|Any CPU.ActiveCfg = Debug|Any CPU
		{00CAD051-7ED9-4CF9-BA77-CCB2F3379EB4}.Debug|Any CPU.Build.0 = Debug|Any CPU
		{00CAD051-7ED9-4CF9-BA77-CCB2F3379EB4}.Release|Any CPU.ActiveCfg = Release|Any CPU
		{00CAD051-7ED9-4CF9-BA77-CCB2F3379EB4}.Release|Any CPU.Build.0 = Release|Any CPU
	EndGlobalSection
	GlobalSection(SolutionProperties) = preSolution
		HideSolutionNode = FALSE
	EndGlobalSection
	GlobalSection(ExtensibilityGlobals) = postSolution
		SolutionGuid = {483D0004-E0CA-4A8B-B631-9802BB4BD313}
	EndGlobalSection
EndGlobal
