
Microsoft Visual Studio Solution File, Format Version 12.00
# Visual Studio Version 17
VisualStudioVersion = 17.8.34330.188
MinimumVisualStudioVersion = 10.0.40219.1
Project("{FAE04EC0-301F-11D3-BF4B-00C04F79EFBC}") = "Application", "Application\Application.csproj", "{383AC270-EFC7-48CB-A511-5A390792D5B8}"
	ProjectSection(ProjectDependencies) = postProject
		{EF7ECB9D-BA98-469F-9D32-0F9F2CFED70D} = {EF7ECB9D-BA98-469F-9D32-0F9F2CFED70D}
	EndProjectSection
EndProject
Project("{FAE04EC0-301F-11D3-BF4B-00C04F79EFBC}") = "Domain", "Domain\Domain.csproj", "{C11B7F58-D74F-4275-A1D2-54F692D19E65}"
EndProject
Project("{FAE04EC0-301F-11D3-BF4B-00C04F79EFBC}") = "Infrastructure", "Infrastructure\Infrastructure.csproj", "{EF7ECB9D-BA98-469F-9D32-0F9F2CFED70D}"
	ProjectSection(ProjectDependencies) = postProject
		{C11B7F58-D74F-4275-A1D2-54F692D19E65} = {C11B7F58-D74F-4275-A1D2-54F692D19E65}
	EndProjectSection
EndProject
Global
	GlobalSection(SolutionConfigurationPlatforms) = preSolution
		Debug|Any CPU = Debug|Any CPU
		Release|Any CPU = Release|Any CPU
	EndGlobalSection
	GlobalSection(ProjectConfigurationPlatforms) = postSolution
		{383AC270-EFC7-48CB-A511-5A390792D5B8}.Debug|Any CPU.ActiveCfg = Debug|Any CPU
		{383AC270-EFC7-48CB-A511-5A390792D5B8}.Debug|Any CPU.Build.0 = Debug|Any CPU
		{383AC270-EFC7-48CB-A511-5A390792D5B8}.Release|Any CPU.ActiveCfg = Release|Any CPU
		{383AC270-EFC7-48CB-A511-5A390792D5B8}.Release|Any CPU.Build.0 = Release|Any CPU
		{C11B7F58-D74F-4275-A1D2-54F692D19E65}.Debug|Any CPU.ActiveCfg = Debug|Any CPU
		{C11B7F58-D74F-4275-A1D2-54F692D19E65}.Debug|Any CPU.Build.0 = Debug|Any CPU
		{C11B7F58-D74F-4275-A1D2-54F692D19E65}.Release|Any CPU.ActiveCfg = Release|Any CPU
		{C11B7F58-D74F-4275-A1D2-54F692D19E65}.Release|Any CPU.Build.0 = Release|Any CPU
		{EF7ECB9D-BA98-469F-9D32-0F9F2CFED70D}.Debug|Any CPU.ActiveCfg = Debug|Any CPU
		{EF7ECB9D-BA98-469F-9D32-0F9F2CFED70D}.Debug|Any CPU.Build.0 = Debug|Any CPU
		{EF7ECB9D-BA98-469F-9D32-0F9F2CFED70D}.Release|Any CPU.ActiveCfg = Release|Any CPU
		{EF7ECB9D-BA98-469F-9D32-0F9F2CFED70D}.Release|Any CPU.Build.0 = Release|Any CPU
	EndGlobalSection
	GlobalSection(SolutionProperties) = preSolution
		HideSolutionNode = FALSE
	EndGlobalSection
	GlobalSection(ExtensibilityGlobals) = postSolution
		SolutionGuid = {483D0004-E0CA-4A8B-B631-9802BB4BD313}
	EndGlobalSection
EndGlobal
